Microsoft Visual Studio Solution File, Format Version 12.00
# Visual Studio Version 17
VisualStudioVersion = 17.5.2.0
MinimumVisualStudioVersion = 10.0.40219.1
Project("{FAE04EC0-301F-11D3-BF4B-00C04F79EFBC}") = "TimesheetSystem", "TimesheetSystem.csproj", "{B8B99C08-A10E-9266-3D36-7C92C1900DBE}"
EndProject
Global
	GlobalSection(SolutionConfigurationPlatforms) = preSolution
		Debug|Any CPU = Debug|Any CPU
		Release|Any CPU = Release|Any CPU
	EndGlobalSection
	GlobalSection(ProjectConfigurationPlatforms) = postSolution
		{B8B99C08-A10E-9266-3D36-7C92C1900DBE}.Debug|Any CPU.ActiveCfg = Debug|Any CPU
		{B8B99C08-A10E-9266-3D36-7C92C1900DBE}.Debug|Any CPU.Build.0 = Debug|Any CPU
		{B8B99C08-A10E-9266-3D36-7C92C1900DBE}.Release|Any CPU.ActiveCfg = Release|Any CPU
		{B8B99C08-A10E-9266-3D36-7C92C1900DBE}.Release|Any CPU.Build.0 = Release|Any CPU
	EndGlobalSection
	GlobalSection(SolutionProperties) = preSolution
		HideSolutionNode = FALSE
	EndGlobalSection
	GlobalSection(ExtensibilityGlobals) = postSolution
		SolutionGuid = {A1E4CC7F-5470-4A09-B93C-54827FCCA36E}
	EndGlobalSection
EndGlobal
